lockfileVersion: '9.0'

settings:
  autoInstallPeers: true
  excludeLinksFromLockfile: false

importers:

  .:
    dependencies:
      nan:
        specifier: ^2.20.0
        version: 2.20.0
    devDependencies:
      tree-sitter-cli:
        specifier: ^0.22.6
        version: 0.22.6

packages:

  nan@2.20.0:
    resolution: {integrity: sha512-bk3gXBZDGILuuo/6sKtr0DQmSThYHLtNCdSdXk9YkxD/jK6X2vmCyyXBBxyqZ4XcnzTyYEAThfX3DCEnLf6igw==}

  tree-sitter-cli@0.22.6:
    resolution: {integrity: sha512-s7mYOJXi8sIFkt/nLJSqlYZP96VmKTc3BAwIX0rrrlRxWjWuCwixFqwzxWZBQz4R8Hx01iP7z3cT3ih58BUmZQ==}
    hasBin: true

snapshots:

  nan@2.20.0: {}

  tree-sitter-cli@0.22.6: {}
